
Microsoft Visual Studio Solution File, Format Version 12.00
# Visual Studio Version 16
VisualStudioVersion = 16.0.30503.244
MinimumVisualStudioVersion = 10.0.40219.1
Project("{FAE04EC0-301F-11D3-BF4B-00C04F79EFBC}") = "Game1", "Game1\Game1.csproj", "{ED1D7FA9-C039-4B9D-B738-5CBF52FD8350}"
EndProject
Project("{FAE04EC0-301F-11D3-BF4B-00C04F79EFBC}") = "ITSUmbria2020.OnlineGame.Library.Models", "ITSUmbria2020.OnlineGame.Library.Models\ITSUmbria2020.OnlineGame.Library.Models.csproj", "{0A40286A-0987-4129-8C0B-C6579318F99F}"
EndProject
Global
	GlobalSection(SolutionConfigurationPlatforms) = preSolution
		Debug|Any CPU = Debug|Any CPU
		Release|Any CPU = Release|Any CPU
	EndGlobalSection
	GlobalSection(ProjectConfigurationPlatforms) = postSolution
		{ED1D7FA9-C039-4B9D-B738-5CBF52FD8350}.Debug|Any CPU.ActiveCfg = Debug|Any CPU
		{ED1D7FA9-C039-4B9D-B738-5CBF52FD8350}.Debug|Any CPU.Build.0 = Debug|Any CPU
		{ED1D7FA9-C039-4B9D-B738-5CBF52FD8350}.Release|Any CPU.ActiveCfg = Release|Any CPU
		{ED1D7FA9-C039-4B9D-B738-5CBF52FD8350}.Release|Any CPU.Build.0 = Release|Any CPU
		{0A40286A-0987-4129-8C0B-C6579318F99F}.Debug|Any CPU.ActiveCfg = Debug|Any CPU
		{0A40286A-0987-4129-8C0B-C6579318F99F}.Debug|Any CPU.Build.0 = Debug|Any CPU
		{0A40286A-0987-4129-8C0B-C6579318F99F}.Release|Any CPU.ActiveCfg = Release|Any CPU
		{0A40286A-0987-4129-8C0B-C6579318F99F}.Release|Any CPU.Build.0 = Release|Any CPU
	EndGlobalSection
	GlobalSection(SolutionProperties) = preSolution
		HideSolutionNode = FALSE
	EndGlobalSection
	GlobalSection(ExtensibilityGlobals) = postSolution
		SolutionGuid = {4C768E5A-DB0D-4314-9269-317F545539CD}
	EndGlobalSection
EndGlobal
